// !$*UTF8*$!
{
	archiveVersion = 1;
	classes = {
	};
	objectVersion = 50;
	objects = {

/* Begin PBXBuildFile section */
		762D471B168DF31AC8FAECC0 /* Pods_PetSearchIosApp.framework in Frameworks */ = {isa = PBXBuildFile; fileRef = A9317EDDF7B039F452301B0E /* Pods_PetSearchIosApp.framework */; };
		84435B8D2288B6D900C53E0C /* AppDelegate.swift in Sources */ = {isa = PBXBuildFile; fileRef = 84435B8C2288B6D900C53E0C /* AppDelegate.swift */; };
		84435B8F2288B6D900C53E0C /* FirstViewController.swift in Sources */ = {isa = PBXBuildFile; fileRef = 84435B8E2288B6D900C53E0C /* FirstViewController.swift */; };
		84435B912288B6D900C53E0C /* SecondViewController.swift in Sources */ = {isa = PBXBuildFile; fileRef = 84435B902288B6D900C53E0C /* SecondViewController.swift */; };
		84435B942288B6D900C53E0C /* Main.storyboard in Resources */ = {isa = PBXBuildFile; fileRef = 84435B922288B6D900C53E0C /* Main.storyboard */; };
		84435B962288B6DC00C53E0C /* Assets.xcassets in Resources */ = {isa = PBXBuildFile; fileRef = 84435B952288B6DC00C53E0C /* Assets.xcassets */; };
		84435B992288B6DC00C53E0C /* LaunchScreen.storyboard in Resources */ = {isa = PBXBuildFile; fileRef = 84435B972288B6DC00C53E0C /* LaunchScreen.storyboard */; };
		84435BA42288B6DD00C53E0C /* PetSearchIosAppTests.swift in Sources */ = {isa = PBXBuildFile; fileRef = 84435BA32288B6DD00C53E0C /* PetSearchIosAppTests.swift */; };
		84435BAF2288B6DD00C53E0C /* PetSearchIosAppUITests.swift in Sources */ = {isa = PBXBuildFile; fileRef = 84435BAE2288B6DD00C53E0C /* PetSearchIosAppUITests.swift */; };
/* End PBXBuildFile section */

/* Begin PBXContainerItemProxy section */
		84435BA02288B6DD00C53E0C /* PBXContainerItemProxy */ = {
			isa = PBXContainerItemProxy;
			containerPortal = 84435B812288B6D900C53E0C /* Project object */;
			proxyType = 1;
			remoteGlobalIDString = 84435B882288B6D900C53E0C;
			remoteInfo = PetSearchIosApp;
		};
		84435BAB2288B6DD00C53E0C /* PBXContainerItemProxy */ = {
			isa = PBXContainerItemProxy;
			containerPortal = 84435B812288B6D900C53E0C /* Project object */;
			proxyType = 1;
			remoteGlobalIDString = 84435B882288B6D900C53E0C;
			remoteInfo = PetSearchIosApp;
		};
/* End PBXContainerItemProxy section */

/* Begin PBXFileReference section */
		7BD7A5C3DE0B089FEA57E7E4 /* Pods-PetSearchIosApp.release.xcconfig */ = {isa = PBXFileReference; includeInIndex = 1; lastKnownFileType = text.xcconfig; name = "Pods-PetSearchIosApp.release.xcconfig"; path = "Target Support Files/Pods-PetSearchIosApp/Pods-PetSearchIosApp.release.xcconfig"; sourceTree = "<group>"; };
		84435B892288B6D900C53E0C /* PetSearchIosApp.app */ = {isa = PBXFileReference; explicitFileType = wrapper.application; includeInIndex = 0; path = PetSearchIosApp.app; sourceTree = BUILT_PRODUCTS_DIR; };
		84435B8C2288B6D900C53E0C /* AppDelegate.swift */ = {isa = PBXFileReference; lastKnownFileType = sourcecode.swift; path = AppDelegate.swift; sourceTree = "<group>"; };
		84435B8E2288B6D900C53E0C /* FirstViewController.swift */ = {isa = PBXFileReference; lastKnownFileType = sourcecode.swift; path = FirstViewController.swift; sourceTree = "<group>"; };
		84435B902288B6D900C53E0C /* SecondViewController.swift */ = {isa = PBXFileReference; lastKnownFileType = sourcecode.swift; path = SecondViewController.swift; sourceTree = "<group>"; };
		84435B932288B6D900C53E0C /* Base */ = {isa = PBXFileReference; lastKnownFileType = file.storyboard; name = Base; path = Base.lproj/Main.storyboard; sourceTree = "<group>"; };
		84435B952288B6DC00C53E0C /* Assets.xcassets */ = {isa = PBXFileReference; lastKnownFileType = folder.assetcatalog; path = Assets.xcassets; sourceTree = "<group>"; };
		84435B982288B6DC00C53E0C /* Base */ = {isa = PBXFileReference; lastKnownFileType = file.storyboard; name = Base; path = Base.lproj/LaunchScreen.storyboard; sourceTree = "<group>"; };
		84435B9A2288B6DC00C53E0C /* Info.plist */ = {isa = PBXFileReference; lastKnownFileType = text.plist.xml; path = Info.plist; sourceTree = "<group>"; };
		84435B9F2288B6DD00C53E0C /* PetSearchIosAppTests.xctest */ = {isa = PBXFileReference; explicitFileType = wrapper.cfbundle; includeInIndex = 0; path = PetSearchIosAppTests.xctest; sourceTree = BUILT_PRODUCTS_DIR; };
		84435BA32288B6DD00C53E0C /* PetSearchIosAppTests.swift */ = {isa = PBXFileReference; lastKnownFileType = sourcecode.swift; path = PetSearchIosAppTests.swift; sourceTree = "<group>"; };
		84435BA52288B6DD00C53E0C /* Info.plist */ = {isa = PBXFileReference; lastKnownFileType = text.plist.xml; path = Info.plist; sourceTree = "<group>"; };
		84435BAA2288B6DD00C53E0C /* PetSearchIosAppUITests.xctest */ = {isa = PBXFileReference; explicitFileType = wrapper.cfbundle; includeInIndex = 0; path = PetSearchIosAppUITests.xctest; sourceTree = BUILT_PRODUCTS_DIR; };
		84435BAE2288B6DD00C53E0C /* PetSearchIosAppUITests.swift */ = {isa = PBXFileReference; lastKnownFileType = sourcecode.swift; path = PetSearchIosAppUITests.swift; sourceTree = "<group>"; };
		84435BB02288B6DD00C53E0C /* Info.plist */ = {isa = PBXFileReference; lastKnownFileType = text.plist.xml; path = Info.plist; sourceTree = "<group>"; };
		A9317EDDF7B039F452301B0E /* Pods_PetSearchIosApp.framework */ = {isa = PBXFileReference; explicitFileType = wrapper.framework; includeInIndex = 0; path = Pods_PetSearchIosApp.framework; sourceTree = BUILT_PRODUCTS_DIR; };
		C15D57D825D4EC12CABAEC10 /* Pods-PetSearchIosApp.debug.xcconfig */ = {isa = PBXFileReference; includeInIndex = 1; lastKnownFileType = text.xcconfig; name = "Pods-PetSearchIosApp.debug.xcconfig"; path = "Target Support Files/Pods-PetSearchIosApp/Pods-PetSearchIosApp.debug.xcconfig"; sourceTree = "<group>"; };
/* End PBXFileReference section */

/* Begin PBXFrameworksBuildPhase section */
		84435B862288B6D900C53E0C /* Frameworks */ = {
			isa = PBXFrameworksBuildPhase;
			buildActionMask = 2147483647;
			files = (
				762D471B168DF31AC8FAECC0 /* Pods_PetSearchIosApp.framework in Frameworks */,
			);
			runOnlyForDeploymentPostprocessing = 0;
		};
		84435B9C2288B6DD00C53E0C /* Frameworks */ = {
			isa = PBXFrameworksBuildPhase;
			buildActionMask = 2147483647;
			files = (
			);
			runOnlyForDeploymentPostprocessing = 0;
		};
		84435BA72288B6DD00C53E0C /* Frameworks */ = {
			isa = PBXFrameworksBuildPhase;
			buildActionMask = 2147483647;
			files = (
			);
			runOnlyForDeploymentPostprocessing = 0;
		};
/* End PBXFrameworksBuildPhase section */

/* Begin PBXGroup section */
		6ED43440E76D594C9E989B36 /* Frameworks */ = {
			isa = PBXGroup;
			children = (
				A9317EDDF7B039F452301B0E /* Pods_PetSearchIosApp.framework */,
			);
			name = Frameworks;
			sourceTree = "<group>";
		};
		84435B802288B6D900C53E0C = {
			isa = PBXGroup;
			children = (
				84435B8B2288B6D900C53E0C /* PetSearchIosApp */,
				84435BA22288B6DD00C53E0C /* PetSearchIosAppTests */,
				84435BAD2288B6DD00C53E0C /* PetSearchIosAppUITests */,
				84435B8A2288B6D900C53E0C /* Products */,
				940A32E3AA22D611FB1D6813 /* Pods */,
				6ED43440E76D594C9E989B36 /* Frameworks */,
			);
			sourceTree = "<group>";
		};
		84435B8A2288B6D900C53E0C /* Products */ = {
			isa = PBXGroup;
			children = (
				84435B892288B6D900C53E0C /* PetSearchIosApp.app */,
				84435B9F2288B6DD00C53E0C /* PetSearchIosAppTests.xctest */,
				84435BAA2288B6DD00C53E0C /* PetSearchIosAppUITests.xctest */,
			);
			name = Products;
			sourceTree = "<group>";
		};
		84435B8B2288B6D900C53E0C /* PetSearchIosApp */ = {
			isa = PBXGroup;
			children = (
				84435B8C2288B6D900C53E0C /* AppDelegate.swift */,
				84435B8E2288B6D900C53E0C /* FirstViewController.swift */,
				84435B902288B6D900C53E0C /* SecondViewController.swift */,
				84435B922288B6D900C53E0C /* Main.storyboard */,
				84435B952288B6DC00C53E0C /* Assets.xcassets */,
				84435B972288B6DC00C53E0C /* LaunchScreen.storyboard */,
				84435B9A2288B6DC00C53E0C /* Info.plist */,
			);
			path = PetSearchIosApp;
			sourceTree = "<group>";
		};
		84435BA22288B6DD00C53E0C /* PetSearchIosAppTests */ = {
			isa = PBXGroup;
			children = (
				84435BA32288B6DD00C53E0C /* PetSearchIosAppTests.swift */,
				84435BA52288B6DD00C53E0C /* Info.plist */,
			);
			path = PetSearchIosAppTests;
			sourceTree = "<group>";
		};
		84435BAD2288B6DD00C53E0C /* PetSearchIosAppUITests */ = {
			isa = PBXGroup;
			children = (
				84435BAE2288B6DD00C53E0C /* PetSearchIosAppUITests.swift */,
				84435BB02288B6DD00C53E0C /* Info.plist */,
			);
			path = PetSearchIosAppUITests;
			sourceTree = "<group>";
		};
		940A32E3AA22D611FB1D6813 /* Pods */ = {
			isa = PBXGroup;
			children = (
				C15D57D825D4EC12CABAEC10 /* Pods-PetSearchIosApp.debug.xcconfig */,
				7BD7A5C3DE0B089FEA57E7E4 /* Pods-PetSearchIosApp.release.xcconfig */,
			);
			name = Pods;
			path = Pods;
			sourceTree = "<group>";
		};
/* End PBXGroup section */

/* Begin PBXNativeTarget section */
		84435B882288B6D900C53E0C /* PetSearchIosApp */ = {
			isa = PBXNativeTarget;
			buildConfigurationList = 84435BB32288B6DD00C53E0C /* Build configuration list for PBXNativeTarget "PetSearchIosApp" */;
			buildPhases = (
				3FFD721B73C37015EDE6EB87 /* [CP] Check Pods Manifest.lock */,
				84435B852288B6D900C53E0C /* Sources */,
				84435B862288B6D900C53E0C /* Frameworks */,
				84435B872288B6D900C53E0C /* Resources */,
				22E371629A1B897A3D1CD180 /* [CP] Embed Pods Frameworks */,
			);
			buildRules = (
			);
			dependencies = (
			);
			name = PetSearchIosApp;
			productName = PetSearchIosApp;
			productReference = 84435B892288B6D900C53E0C /* PetSearchIosApp.app */;
			productType = "com.apple.product-type.application";
		};
		84435B9E2288B6DD00C53E0C /* PetSearchIosAppTests */ = {
			isa = PBXNativeTarget;
			buildConfigurationList = 84435BB62288B6DD00C53E0C /* Build configuration list for PBXNativeTarget "PetSearchIosAppTests" */;
			buildPhases = (
				84435B9B2288B6DD00C53E0C /* Sources */,
				84435B9C2288B6DD00C53E0C /* Frameworks */,
				84435B9D2288B6DD00C53E0C /* Resources */,
			);
			buildRules = (
			);
			dependencies = (
				84435BA12288B6DD00C53E0C /* PBXTargetDependency */,
			);
			name = PetSearchIosAppTests;
			productName = PetSearchIosAppTests;
			productReference = 84435B9F2288B6DD00C53E0C /* PetSearchIosAppTests.xctest */;
			productType = "com.apple.product-type.bundle.unit-test";
		};
		84435BA92288B6DD00C53E0C /* PetSearchIosAppUITests */ = {
			isa = PBXNativeTarget;
			buildConfigurationList = 84435BB92288B6DD00C53E0C /* Build configuration list for PBXNativeTarget "PetSearchIosAppUITests" */;
			buildPhases = (
				84435BA62288B6DD00C53E0C /* Sources */,
				84435BA72288B6DD00C53E0C /* Frameworks */,
				84435BA82288B6DD00C53E0C /* Resources */,
			);
			buildRules = (
			);
			dependencies = (
				84435BAC2288B6DD00C53E0C /* PBXTargetDependency */,
			);
			name = PetSearchIosAppUITests;
			productName = PetSearchIosAppUITests;
			productReference = 84435BAA2288B6DD00C53E0C /* PetSearchIosAppUITests.xctest */;
			productType = "com.apple.product-type.bundle.ui-testing";
		};
/* End PBXNativeTarget section */

/* Begin PBXProject section */
		84435B812288B6D900C53E0C /* Project object */ = {
			isa = PBXProject;
			attributes = {
				LastSwiftUpdateCheck = 1000;
				LastUpgradeCheck = 1000;
				ORGANIZATIONNAME = "Andrei Poliakov";
				TargetAttributes = {
					84435B882288B6D900C53E0C = {
						CreatedOnToolsVersion = 10.0;
					};
					84435B9E2288B6DD00C53E0C = {
						CreatedOnToolsVersion = 10.0;
						TestTargetID = 84435B882288B6D900C53E0C;
					};
					84435BA92288B6DD00C53E0C = {
						CreatedOnToolsVersion = 10.0;
						TestTargetID = 84435B882288B6D900C53E0C;
					};
				};
			};
			buildConfigurationList = 84435B842288B6D900C53E0C /* Build configuration list for PBXProject "PetSearchIosApp" */;
			compatibilityVersion = "Xcode 9.3";
			developmentRegion = en;
			hasScannedForEncodings = 0;
			knownRegions = (
				en,
				Base,
			);
			mainGroup = 84435B802288B6D900C53E0C;
			productRefGroup = 84435B8A2288B6D900C53E0C /* Products */;
			projectDirPath = "";
			projectRoot = "";
			targets = (
				84435B882288B6D900C53E0C /* PetSearchIosApp */,
				84435B9E2288B6DD00C53E0C /* PetSearchIosAppTests */,
				84435BA92288B6DD00C53E0C /* PetSearchIosAppUITests */,
			);
		};
/* End PBXProject section */

/* Begin PBXResourcesBuildPhase section */
		84435B872288B6D900C53E0C /* Resources */ = {
			isa = PBXResourcesBuildPhase;
			buildActionMask = 2147483647;
			files = (
				84435B992288B6DC00C53E0C /* LaunchScreen.storyboard in Resources */,
				84435B962288B6DC00C53E0C /* Assets.xcassets in Resources */,
				84435B942288B6D900C53E0C /* Main.storyboard in Resources */,
			);
			runOnlyForDeploymentPostprocessing = 0;
		};
		84435B9D2288B6DD00C53E0C /* Resources */ = {
			isa = PBXResourcesBuildPhase;
			buildActionMask = 2147483647;
			files = (
			);
			runOnlyForDeploymentPostprocessing = 0;
		};
		84435BA82288B6DD00C53E0C /* Resources */ = {
			isa = PBXResourcesBuildPhase;
			buildActionMask = 2147483647;
			files = (
			);
			runOnlyForDeploymentPostprocessing = 0;
		};
/* End PBXResourcesBuildPhase section */

/* Begin PBXShellScriptBuildPhase section */
		22E371629A1B897A3D1CD180 /* [CP] Embed Pods Frameworks */ = {
			isa = PBXShellScriptBuildPhase;
			buildActionMask = 2147483647;
			files = (
			);
			inputFileListPaths = (
			);
			inputPaths = (
				"${PODS_ROOT}/Target Support Files/Pods-PetSearchIosApp/Pods-PetSearchIosApp-frameworks.sh",
				"${BUILT_PRODUCTS_DIR}/Alamofire/Alamofire.framework",
				"${BUILT_PRODUCTS_DIR}/SwiftyJSON/SwiftyJSON.framework",
			);
			name = "[CP] Embed Pods Frameworks";
			outputFileListPaths = (
			);
			outputPaths = (
				"${TARGET_BUILD_DIR}/${FRAMEWORKS_FOLDER_PATH}/Alamofire.framework",
				"${TARGET_BUILD_DIR}/${FRAMEWORKS_FOLDER_PATH}/SwiftyJSON.framework",
			);
			runOnlyForDeploymentPostprocessing = 0;
			shellPath = /bin/sh;
			shellScript = "\"${PODS_ROOT}/Target Support Files/Pods-PetSearchIosApp/Pods-PetSearchIosApp-frameworks.sh\"\n";
			showEnvVarsInLog = 0;
		};
		3FFD721B73C37015EDE6EB87 /* [CP] Check Pods Manifest.lock */ = {
			isa = PBXShellScriptBuildPhase;
			buildActionMask = 2147483647;
			files = (
			);
			inputFileListPaths = (
			);
			inputPaths = (
				"${PODS_PODFILE_DIR_PATH}/Podfile.lock",
				"${PODS_ROOT}/Manifest.lock",
			);
			name = "[CP] Check Pods Manifest.lock";
			outputFileListPaths = (
			);
			outputPaths = (
				"$(DERIVED_FILE_DIR)/Pods-PetSearchIosApp-checkManifestLockResult.txt",
			);
			runOnlyForDeploymentPostprocessing = 0;
			shellPath = /bin/sh;
			shellScript = "diff \"${PODS_PODFILE_DIR_PATH}/Podfile.lock\" \"${PODS_ROOT}/Manifest.lock\" > /dev/null\nif [ $? != 0 ] ; then\n    # print error to STDERR\n    echo \"error: The sandbox is not in sync with the Podfile.lock. Run 'pod install' or update your CocoaPods installation.\" >&2\n    exit 1\nfi\n# This output is used by Xcode 'outputs' to avoid re-running this script phase.\necho \"SUCCESS\" > \"${SCRIPT_OUTPUT_FILE_0}\"\n";
			showEnvVarsInLog = 0;
		};
/* End PBXShellScriptBuildPhase section */

/* Begin PBXSourcesBuildPhase section */
		84435B852288B6D900C53E0C /* Sources */ = {
			isa = PBXSourcesBuildPhase;
			buildActionMask = 2147483647;
			files = (
				84435B912288B6D900C53E0C /* SecondViewController.swift in Sources */,
				84435B8D2288B6D900C53E0C /* AppDelegate.swift in Sources */,
				84435B8F2288B6D900C53E0C /* FirstViewController.swift in Sources */,
			);
			runOnlyForDeploymentPostprocessing = 0;
		};
		84435B9B2288B6DD00C53E0C /* Sources */ = {
			isa = PBXSourcesBuildPhase;
			buildActionMask = 2147483647;
			files = (
				84435BA42288B6DD00C53E0C /* PetSearchIosAppTests.swift in Sources */,
			);
			runOnlyForDeploymentPostprocessing = 0;
		};
		84435BA62288B6DD00C53E0C /* Sources */ = {
			isa = PBXSourcesBuildPhase;
			buildActionMask = 2147483647;
			files = (
				84435BAF2288B6DD00C53E0C /* PetSearchIosAppUITests.swift in Sources */,
			);
			runOnlyForDeploymentPostprocessing = 0;
		};
/* End PBXSourcesBuildPhase section */

/* Begin PBXTargetDependency section */
		84435BA12288B6DD00C53E0C /* PBXTargetDependency */ = {
			isa = PBXTargetDependency;
			target = 84435B882288B6D900C53E0C /* PetSearchIosApp */;
			targetProxy = 84435BA02288B6DD00C53E0C /* PBXContainerItemProxy */;
		};
		84435BAC2288B6DD00C53E0C /* PBXTargetDependency */ = {
			isa = PBXTargetDependency;
			target = 84435B882288B6D900C53E0C /* PetSearchIosApp */;
			targetProxy = 84435BAB2288B6DD00C53E0C /* PBXContainerItemProxy */;
		};
/* End PBXTargetDependency section */

/* Begin PBXVariantGroup section */
		84435B922288B6D900C53E0C /* Main.storyboard */ = {
			isa = PBXVariantGroup;
			children = (
				84435B932288B6D900C53E0C /* Base */,
			);
			name = Main.storyboard;
			sourceTree = "<group>";
		};
		84435B972288B6DC00C53E0C /* LaunchScreen.storyboard */ = {
			isa = PBXVariantGroup;
			children = (
				84435B982288B6DC00C53E0C /* Base */,
			);
			name = LaunchScreen.storyboard;
			sourceTree = "<group>";
		};
/* End PBXVariantGroup section */

/* Begin XCBuildConfiguration section */
		84435BB12288B6DD00C53E0C /* Debug */ = {
			isa = XCBuildConfiguration;
			buildSettings = {
				ALWAYS_SEARCH_USER_PATHS = NO;
				CLANG_ANALYZER_NONNULL = YES;
				CLANG_ANALYZER_NUMBER_OBJECT_CONVERSION = YES_AGGRESSIVE;
				CLANG_CXX_LANGUAGE_STANDARD = "gnu++14";
				CLANG_CXX_LIBRARY = "libc++";
				CLANG_ENABLE_MODULES = YES;
				CLANG_ENABLE_OBJC_ARC = YES;
				CLANG_ENABLE_OBJC_WEAK = YES;
				CLANG_WARN_BLOCK_CAPTURE_AUTORELEASING = YES;
				CLANG_WARN_BOOL_CONVERSION = YES;
				CLANG_WARN_COMMA = YES;
				CLANG_WARN_CONSTANT_CONVERSION = YES;
				CLANG_WARN_DEPRECATED_OBJC_IMPLEMENTATIONS = YES;
				CLANG_WARN_DIRECT_OBJC_ISA_USAGE = YES_ERROR;
				CLANG_WARN_DOCUMENTATION_COMMENTS = YES;
				CLANG_WARN_EMPTY_BODY = YES;
				CLANG_WARN_ENUM_CONVERSION = YES;
				CLANG_WARN_INFINITE_RECURSION = YES;
				CLANG_WARN_INT_CONVERSION = YES;
				CLANG_WARN_NON_LITERAL_NULL_CONVERSION = YES;
				CLANG_WARN_OBJC_IMPLICIT_RETAIN_SELF = YES;
				CLANG_WARN_OBJC_LITERAL_CONVERSION = YES;
				CLANG_WARN_OBJC_ROOT_CLASS = YES_ERROR;
				CLANG_WARN_RANGE_LOOP_ANALYSIS = YES;
				CLANG_WARN_STRICT_PROTOTYPES = YES;
				CLANG_WARN_SUSPICIOUS_MOVE = YES;
				CLANG_WARN_UNGUARDED_AVAILABILITY = YES_AGGRESSIVE;
				CLANG_WARN_UNREACHABLE_CODE = YES;
				CLANG_WARN__DUPLICATE_METHOD_MATCH = YES;
				CODE_SIGN_IDENTITY = "iPhone Developer";
				COPY_PHASE_STRIP = NO;
				DEBUG_INFORMATION_FORMAT = dwarf;
				ENABLE_STRICT_OBJC_MSGSEND = YES;
				ENABLE_TESTABILITY = YES;
				GCC_C_LANGUAGE_STANDARD = gnu11;
				GCC_DYNAMIC_NO_PIC = NO;
				GCC_NO_COMMON_BLOCKS = YES;
				GCC_OPTIMIZATION_LEVEL = 0;
				GCC_PREPROCESSOR_DEFINITIONS = (
					"DEBUG=1",
					"$(inherited)",
				);
				GCC_WARN_64_TO_32_BIT_CONVERSION = YES;
				GCC_WARN_ABOUT_RETURN_TYPE = YES_ERROR;
				GCC_WARN_UNDECLARED_SELECTOR = YES;
				GCC_WARN_UNINITIALIZED_AUTOS = YES_AGGRESSIVE;
				GCC_WARN_UNUSED_FUNCTION = YES;
				GCC_WARN_UNUSED_VARIABLE = YES;
				IPHONEOS_DEPLOYMENT_TARGET = 12.0;
				MTL_ENABLE_DEBUG_INFO = INCLUDE_SOURCE;
				MTL_FAST_MATH = YES;
				ONLY_ACTIVE_ARCH = YES;
				SDKROOT = iphoneos;
				SWIFT_ACTIVE_COMPILATION_CONDITIONS = DEBUG;
				SWIFT_OPTIMIZATION_LEVEL = "-Onone";
			};
			name = Debug;
		};
		84435BB22288B6DD00C53E0C /* Release */ = {
			isa = XCBuildConfiguration;
			buildSettings = {
				ALWAYS_SEARCH_USER_PATHS = NO;
				CLANG_ANALYZER_NONNULL = YES;
				CLANG_ANALYZER_NUMBER_OBJECT_CONVERSION = YES_AGGRESSIVE;
				CLANG_CXX_LANGUAGE_STANDARD = "gnu++14";
				CLANG_CXX_LIBRARY = "libc++";
				CLANG_ENABLE_MODULES = YES;
				CLANG_ENABLE_OBJC_ARC = YES;
				CLANG_ENABLE_OBJC_WEAK = YES;
				CLANG_WARN_BLOCK_CAPTURE_AUTORELEASING = YES;
				CLANG_WARN_BOOL_CONVERSION = YES;
				CLANG_WARN_COMMA = YES;
				CLANG_WARN_CONSTANT_CONVERSION = YES;
				CLANG_WARN_DEPRECATED_OBJC_IMPLEMENTATIONS = YES;
				CLANG_WARN_DIRECT_OBJC_ISA_USAGE = YES_ERROR;
				CLANG_WARN_DOCUMENTATION_COMMENTS = YES;
				CLANG_WARN_EMPTY_BODY = YES;
				CLANG_WARN_ENUM_CONVERSION = YES;
				CLANG_WARN_INFINITE_RECURSION = YES;
				CLANG_WARN_INT_CONVERSION = YES;
				CLANG_WARN_NON_LITERAL_NULL_CONVERSION = YES;
				CLANG_WARN_OBJC_IMPLICIT_RETAIN_SELF = YES;
				CLANG_WARN_OBJC_LITERAL_CONVERSION = YES;
				CLANG_WARN_OBJC_ROOT_CLASS = YES_ERROR;
				CLANG_WARN_RANGE_LOOP_ANALYSIS = YES;
				CLANG_WARN_STRICT_PROTOTYPES = YES;
				CLANG_WARN_SUSPICIOUS_MOVE = YES;
				CLANG_WARN_UNGUARDED_AVAILABILITY = YES_AGGRESSIVE;
				CLANG_WARN_UNREACHABLE_CODE = YES;
				CLANG_WARN__DUPLICATE_METHOD_MATCH = YES;
				CODE_SIGN_IDENTITY = "iPhone Developer";
				COPY_PHASE_STRIP = NO;
				DEBUG_INFORMATION_FORMAT = "dwarf-with-dsym";
				ENABLE_NS_ASSERTIONS = NO;
				ENABLE_STRICT_OBJC_MSGSEND = YES;
				GCC_C_LANGUAGE_STANDARD = gnu11;
				GCC_NO_COMMON_BLOCKS = YES;
				GCC_WARN_64_TO_32_BIT_CONVERSION = YES;
				GCC_WARN_ABOUT_RETURN_TYPE = YES_ERROR;
				GCC_WARN_UNDECLARED_SELECTOR = YES;
				GCC_WARN_UNINITIALIZED_AUTOS = YES_AGGRESSIVE;
				GCC_WARN_UNUSED_FUNCTION = YES;
				GCC_WARN_UNUSED_VARIABLE = YES;
				IPHONEOS_DEPLOYMENT_TARGET = 12.0;
				MTL_ENABLE_DEBUG_INFO = NO;
				MTL_FAST_MATH = YES;
				SDKROOT = iphoneos;
				SWIFT_COMPILATION_MODE = wholemodule;
				SWIFT_OPTIMIZATION_LEVEL = "-O";
				VALIDATE_PRODUCT = YES;
			};
			name = Release;
		};
		84435BB42288B6DD00C53E0C /* Debug */ = {
			isa = XCBuildConfiguration;
			baseConfigurationReference = C15D57D825D4EC12CABAEC10 /* Pods-PetSearchIosApp.debug.xcconfig */;
			buildSettings = {
				ASSETCATALOG_COMPILER_APPICON_NAME = AppIcon;
				CODE_SIGN_STYLE = Automatic;
				INFOPLIST_FILE = PetSearchIosApp/Info.plist;
				LD_RUNPATH_SEARCH_PATHS = (
					"$(inherited)",
					"@executable_path/Frameworks",
				);
				PRODUCT_BUNDLE_IDENTIFIER = ru.apolyakov.PetSearchIosApp;
				PRODUCT_NAME = "$(TARGET_NAME)";
				SWIFT_VERSION = 4.2;
				TARGETED_DEVICE_FAMILY = "1,2";
			};
			name = Debug;
		};
		84435BB52288B6DD00C53E0C /* Release */ = {
			isa = XCBuildConfiguration;
			baseConfigurationReference = 7BD7A5C3DE0B089FEA57E7E4 /* Pods-PetSearchIosApp.release.xcconfig */;
			buildSettings = {
				ASSETCATALOG_COMPILER_APPICON_NAME = AppIcon;
				CODE_SIGN_STYLE = Automatic;
				INFOPLIST_FILE = PetSearchIosApp/Info.plist;
				LD_RUNPATH_SEARCH_PATHS = (
					"$(inherited)",
					"@executable_path/Frameworks",
				);
				PRODUCT_BUNDLE_IDENTIFIER = ru.apolyakov.PetSearchIosApp;
				PRODUCT_NAME = "$(TARGET_NAME)";
				SWIFT_VERSION = 4.2;
				TARGETED_DEVICE_FAMILY = "1,2";
			};
			name = Release;
		};
		84435BB72288B6DD00C53E0C /* Debug */ = {
			isa = XCBuildConfiguration;
			buildSettings = {
				ALWAYS_EMBED_SWIFT_STANDARD_LIBRARIES = YES;
				BUNDLE_LOADER = "$(TEST_HOST)";
				CODE_SIGN_STYLE = Automatic;
				INFOPLIST_FILE = PetSearchIosAppTests/Info.plist;
				LD_RUNPATH_SEARCH_PATHS = (
					"$(inherited)",
					"@executable_path/Frameworks",
					"@loader_path/Frameworks",
				);
				PRODUCT_BUNDLE_IDENTIFIER = ru.apolyakov.PetSearchIosAppTests;
				PRODUCT_NAME = "$(TARGET_NAME)";
				SWIFT_VERSION = 4.2;
				TARGETED_DEVICE_FAMILY = "1,2";
				TEST_HOST = "$(BUILT_PRODUCTS_DIR)/PetSearchIosApp.app/PetSearchIosApp";
			};
			name = Debug;
		};
		84435BB82288B6DD00C53E0C /* Release */ = {
			isa = XCBuildConfiguration;
			buildSettings = {
				ALWAYS_EMBED_SWIFT_STANDARD_LIBRARIES = YES;
				BUNDLE_LOADER = "$(TEST_HOST)";
				CODE_SIGN_STYLE = Automatic;
				INFOPLIST_FILE = PetSearchIosAppTests/Info.plist;
				LD_RUNPATH_SEARCH_PATHS = (
					"$(inherited)",
					"@executable_path/Frameworks",
					"@loader_path/Frameworks",
				);
				PRODUCT_BUNDLE_IDENTIFIER = ru.apolyakov.PetSearchIosAppTests;
				PRODUCT_NAME = "$(TARGET_NAME)";
				SWIFT_VERSION = 4.2;
				TARGETED_DEVICE_FAMILY = "1,2";
				TEST_HOST = "$(BUILT_PRODUCTS_DIR)/PetSearchIosApp.app/PetSearchIosApp";
			};
			name = Release;
		};
		84435BBA2288B6DD00C53E0C /* Debug */ = {
			isa = XCBuildConfiguration;
			buildSettings = {
				ALWAYS_EMBED_SWIFT_STANDARD_LIBRARIES = YES;
				CODE_SIGN_STYLE = Automatic;
				INFOPLIST_FILE = PetSearchIosAppUITests/Info.plist;
				LD_RUNPATH_SEARCH_PATHS = (
					"$(inherited)",
					"@executable_path/Frameworks",
					"@loader_path/Frameworks",
				);
				PRODUCT_BUNDLE_IDENTIFIER = ru.apolyakov.PetSearchIosAppUITests;
				PRODUCT_NAME = "$(TARGET_NAME)";
				SWIFT_VERSION = 4.2;
				TARGETED_DEVICE_FAMILY = "1,2";
				TEST_TARGET_NAME = PetSearchIosApp;
			};
			name = Debug;
		};
		84435BBB2288B6DD00C53E0C /* Release */ = {
			isa = XCBuildConfiguration;
			buildSettings = {
				ALWAYS_EMBED_SWIFT_STANDARD_LIBRARIES = YES;
				CODE_SIGN_STYLE = Automatic;
				INFOPLIST_FILE = PetSearchIosAppUITests/Info.plist;
				LD_RUNPATH_SEARCH_PATHS = (
					"$(inherited)",
					"@executable_path/Frameworks",
					"@loader_path/Frameworks",
				);
				PRODUCT_BUNDLE_IDENTIFIER = ru.apolyakov.PetSearchIosAppUITests;
				PRODUCT_NAME = "$(TARGET_NAME)";
				SWIFT_VERSION = 4.2;
				TARGETED_DEVICE_FAMILY = "1,2";
				TEST_TARGET_NAME = PetSearchIosApp;
			};
			name = Release;
		};
/* End XCBuildConfiguration section */

/* Begin XCConfigurationList section */
		84435B842288B6D900C53E0C /* Build configuration list for PBXProject "PetSearchIosApp" */ = {
			isa = XCConfigurationList;
			buildConfigurations = (
				84435BB12288B6DD00C53E0C /* Debug */,
				84435BB22288B6DD00C53E0C /* Release */,
			);
			defaultConfigurationIsVisible = 0;
			defaultConfigurationName = Release;
		};
		84435BB32288B6DD00C53E0C /* Build configuration list for PBXNativeTarget "PetSearchIosApp" */ = {
			isa = XCConfigurationList;
			buildConfigurations = (
				84435BB42288B6DD00C53E0C /* Debug */,
				84435BB52288B6DD00C53E0C /* Release */,
			);
			defaultConfigurationIsVisible = 0;
			defaultConfigurationName = Release;
		};
		84435BB62288B6DD00C53E0C /* Build configuration list for PBXNativeTarget "PetSearchIosAppTests" */ = {
			isa = XCConfigurationList;
			buildConfigurations = (
				84435BB72288B6DD00C53E0C /* Debug */,
				84435BB82288B6DD00C53E0C /* Release */,
			);
			defaultConfigurationIsVisible = 0;
			defaultConfigurationName = Release;
		};
		84435BB92288B6DD00C53E0C /* Build configuration list for PBXNativeTarget "PetSearchIosAppUITests" */ = {
			isa = XCConfigurationList;
			buildConfigurations = (
				84435BBA2288B6DD00C53E0C /* Debug */,
				84435BBB2288B6DD00C53E0C /* Release */,
			);
			defaultConfigurationIsVisible = 0;
			defaultConfigurationName = Release;
		};
/* End XCConfigurationList section */
	};
	rootObject = 84435B812288B6D900C53E0C /* Project object */;
}
